
Microsoft Visual Studio Solution File, Format Version 12.00
# Visual Studio Version 16
VisualStudioVersion = 16.0.32413.511
MinimumVisualStudioVersion = 10.0.40219.1
Project("{FAE04EC0-301F-11D3-BF4B-00C04F79EFBC}") = "SkillProfi_Shared", "SkillProfi_Shared\SkillProfi_Shared.csproj", "{8D960181-A04F-4CB8-B6B6-0FAAA04BE7D4}"
EndProject
Global
	GlobalSection(SolutionConfigurationPlatforms) = preSolution
		Debug|Any CPU = Debug|Any CPU
		Release|Any CPU = Release|Any CPU
	EndGlobalSection
	GlobalSection(ProjectConfigurationPlatforms) = postSolution
		{8D960181-A04F-4CB8-B6B6-0FAAA04BE7D4}.Debug|Any CPU.ActiveCfg = Debug|Any CPU
		{8D960181-A04F-4CB8-B6B6-0FAAA04BE7D4}.Debug|Any CPU.Build.0 = Debug|Any CPU
		{8D960181-A04F-4CB8-B6B6-0FAAA04BE7D4}.Release|Any CPU.ActiveCfg = Release|Any CPU
		{8D960181-A04F-4CB8-B6B6-0FAAA04BE7D4}.Release|Any CPU.Build.0 = Release|Any CPU
	EndGlobalSection
	GlobalSection(SolutionProperties) = preSolution
		HideSolutionNode = FALSE
	EndGlobalSection
	GlobalSection(ExtensibilityGlobals) = postSolution
		SolutionGuid = {D0F55AC5-FE2E-4613-8258-6CE7A06C647E}
	EndGlobalSection
EndGlobal
